{
  "name": "d2-flow",
  "version": "0.0.0",
  "lockfileVersion": 3,
  "requires": true,
  "packages": {
    "": {
      "name": "d2-flow",
      "version": "0.0.0",
      "dependencies": {
        "@terrastruct/d2": "0.1.33"
      },
      "bin": {
        "d2-flow": "src/cli.js"
      },
      "devDependencies": {
        "elkjs": "^0.9.3",
        "playwright-core": "^1.63.0"
      },
      "engines": {
        "node": ">=20"
      }
    },
    "node_modules/@terrastruct/d2": {
      "version": "0.1.33",
      "resolved": "https://registry.npmjs.org/@terrastruct/d2/-/d2-0.1.33.tgz",
      "integrity": "sha512-eK5hyfGIJFolC7sUsiKvWdY9xGFctTe3d+PSijo09IYDso8psztC+A4SammizXtlwYZpnnW0AtDjfBYauceSeA==",
      "license": "MPL-2.0"
    },
    "node_modules/elkjs": {
      "version": "0.9.3",
      "resolved": "https://registry.npmjs.org/elkjs/-/elkjs-0.9.3.tgz",
      "integrity": "sha512-f/ZeWvW/BCXbhGEf1Ujp29EASo/lk1FDnETgNKwJrsVvGZhUWCZyg3xLJjAsxfOmt8KjswHmI5EwCQcPMpOYhQ==",
      "dev": true,
      "license": "EPL-2.0"
    },
    "node_modules/playwright-core": {
      "version": "1.63.0",
      "resolved": "https://registry.npmjs.org/playwright-core/-/playwright-core-1.63.0.tgz",
      "integrity": "sha512-rYCsBF/M5HjUch52bbtVONEFjv6Xu8sm8h72dNlR5bzIE1fvC/bxgspzkjSfU+MweEMmPM8KJebG6nnyxo5mCg==",
      "dev": true,
      "license": "Apache-2.0",
      "bin": {
        "playwright-core": "cli.js"
      },
      "engines": {
        "node": ">=20"
      }
    }
  }
}
